
Microsoft Visual Studio Solution File, Format Version 12.00
# Visual Studio 15
VisualStudioVersion = 15.0.27703.2042
MinimumVisualStudioVersion = 10.0.40219.1
Project("{FAE04EC0-301F-11D3-BF4B-00C04F79EFBC}") = "SearchAPI", "SearchAPI\SearchAPI.csproj", "{83AC8ACF-2492-4CA3-B8B7-EC0BB530FF98}"
EndProject
Project("{E53339B2-1760-4266-BCC7-CA923CBCF16C}") = "docker-compose", "docker-compose.dcproj", "{0495F56B-ADEB-43E1-B8D9-FF15F1CFDE82}"
EndProject
Global
	GlobalSection(SolutionConfigurationPlatforms) = preSolution
		Debug|Any CPU = Debug|Any CPU
		Release|Any CPU = Release|Any CPU
	EndGlobalSection
	GlobalSection(ProjectConfigurationPlatforms) = postSolution
		{83AC8ACF-2492-4CA3-B8B7-EC0BB530FF98}.Debug|Any CPU.ActiveCfg = Debug|Any CPU
		{83AC8ACF-2492-4CA3-B8B7-EC0BB530FF98}.Debug|Any CPU.Build.0 = Debug|Any CPU
		{83AC8ACF-2492-4CA3-B8B7-EC0BB530FF98}.Release|Any CPU.ActiveCfg = Release|Any CPU
		{83AC8ACF-2492-4CA3-B8B7-EC0BB530FF98}.Release|Any CPU.Build.0 = Release|Any CPU
		{0495F56B-ADEB-43E1-B8D9-FF15F1CFDE82}.Debug|Any CPU.ActiveCfg = Debug|Any CPU
		{0495F56B-ADEB-43E1-B8D9-FF15F1CFDE82}.Debug|Any CPU.Build.0 = Debug|Any CPU
		{0495F56B-ADEB-43E1-B8D9-FF15F1CFDE82}.Release|Any CPU.ActiveCfg = Release|Any CPU
		{0495F56B-ADEB-43E1-B8D9-FF15F1CFDE82}.Release|Any CPU.Build.0 = Release|Any CPU
	EndGlobalSection
	GlobalSection(SolutionProperties) = preSolution
		HideSolutionNode = FALSE
	EndGlobalSection
	GlobalSection(ExtensibilityGlobals) = postSolution
		SolutionGuid = {85348528-4E67-414E-9167-09675AA7B538}
	EndGlobalSection
EndGlobal
